{
  "object": {
    "pins": [
      {
        "package": "java_swift",
        "repositoryURL": "https://github.com/readdle/java_swift.git",
        "state": {
          "branch": null,
          "revision": "f50fd0845ef22caa955444e72b25b72a59cf7b71",
          "version": "2.2.2"
        }
      },
      {
        "package": "AndroidNDK",
        "repositoryURL": "https://github.com/readdle/swift-android-ndk.git",
        "state": {
          "branch": null,
          "revision": "9c19fb50851c9e05df875ef7db45c3d59b39aaa3",
          "version": "1.1.3"
        }
      },
      {
        "package": "AnyCodable",
        "repositoryURL": "https://github.com/readdle/swift-anycodable.git",
        "state": {
          "branch": null,
          "revision": "9163d43ad317d938629592bbae798a95a3a0a4cf",
          "version": "1.0.3"
        }
      },
      {
        "package": "Java",
        "repositoryURL": "https://github.com/readdle/swift-java.git",
        "state": {
          "branch": null,
          "revision": "e9449162891ce8e9687e9ff87d44c0752556df49",
          "version": "0.3.0"
        }
      },
      {
        "package": "JavaCoder",
        "repositoryURL": "https://github.com/readdle/swift-java-coder.git",
        "state": {
          "branch": null,
          "revision": "b0b66fa90d7b04c7214da15a17ec5ba14df61c8d",
          "version": "1.1.0"
        }
      }
    ]
  },
  "version": 1
}
