// !$*UTF8*$!
{
	archiveVersion = 1;
	classes = {
	};
	objectVersion = 52;
	objects = {

/* Begin PBXBuildFile section */
		840090EA24AF5BA200D206A1 /* AppDelegate.swift in Sources */ = {isa = PBXBuildFile; fileRef = 840090E924AF5BA200D206A1 /* AppDelegate.swift */; };
		840090EC24AF5BA200D206A1 /* SceneDelegate.swift in Sources */ = {isa = PBXBuildFile; fileRef = 840090EB24AF5BA200D206A1 /* SceneDelegate.swift */; };
		840090EE24AF5BA200D206A1 /* ContentView.swift in Sources */ = {isa = PBXBuildFile; fileRef = 840090ED24AF5BA200D206A1 /* ContentView.swift */; };
		840090F024AF5BA500D206A1 /* Assets.xcassets in Resources */ = {isa = PBXBuildFile; fileRef = 840090EF24AF5BA500D206A1 /* Assets.xcassets */; };
		840090F324AF5BA500D206A1 /* Preview Assets.xcassets in Resources */ = {isa = PBXBuildFile; fileRef = 840090F224AF5BA500D206A1 /* Preview Assets.xcassets */; };
		840090F624AF5BA500D206A1 /* LaunchScreen.storyboard in Resources */ = {isa = PBXBuildFile; fileRef = 840090F424AF5BA500D206A1 /* LaunchScreen.storyboard */; };
		8400910124AF5BA500D206A1 /* WeatherTests.swift in Sources */ = {isa = PBXBuildFile; fileRef = 8400910024AF5BA500D206A1 /* WeatherTests.swift */; };
		8400911224AF5FF600D206A1 /* WeatherCore in Frameworks */ = {isa = PBXBuildFile; productRef = 8400911124AF5FF600D206A1 /* WeatherCore */; };
/* End PBXBuildFile section */

/* Begin PBXContainerItemProxy section */
		840090FD24AF5BA500D206A1 /* PBXContainerItemProxy */ = {
			isa = PBXContainerItemProxy;
			containerPortal = 840090DE24AF5BA200D206A1 /* Project object */;
			proxyType = 1;
			remoteGlobalIDString = 840090E524AF5BA200D206A1;
			remoteInfo = Weather;
		};
/* End PBXContainerItemProxy section */

/* Begin PBXFileReference section */
		840090E624AF5BA200D206A1 /* Weather.app */ = {isa = PBXFileReference; explicitFileType = wrapper.application; includeInIndex = 0; path = Weather.app; sourceTree = BUILT_PRODUCTS_DIR; };
		840090E924AF5BA200D206A1 /* AppDelegate.swift */ = {isa = PBXFileReference; lastKnownFileType = sourcecode.swift; path = AppDelegate.swift; sourceTree = "<group>"; };
		840090EB24AF5BA200D206A1 /* SceneDelegate.swift */ = {isa = PBXFileReference; lastKnownFileType = sourcecode.swift; path = SceneDelegate.swift; sourceTree = "<group>"; };
		840090ED24AF5BA200D206A1 /* ContentView.swift */ = {isa = PBXFileReference; lastKnownFileType = sourcecode.swift; path = ContentView.swift; sourceTree = "<group>"; };
		840090EF24AF5BA500D206A1 /* Assets.xcassets */ = {isa = PBXFileReference; lastKnownFileType = folder.assetcatalog; path = Assets.xcassets; sourceTree = "<group>"; };
		840090F224AF5BA500D206A1 /* Preview Assets.xcassets */ = {isa = PBXFileReference; lastKnownFileType = folder.assetcatalog; path = "Preview Assets.xcassets"; sourceTree = "<group>"; };
		840090F524AF5BA500D206A1 /* Base */ = {isa = PBXFileReference; lastKnownFileType = file.storyboard; name = Base; path = Base.lproj/LaunchScreen.storyboard; sourceTree = "<group>"; };
		840090F724AF5BA500D206A1 /* Info.plist */ = {isa = PBXFileReference; lastKnownFileType = text.plist.xml; path = Info.plist; sourceTree = "<group>"; };
		840090FC24AF5BA500D206A1 /* WeatherTests.xctest */ = {isa = PBXFileReference; explicitFileType = wrapper.cfbundle; includeInIndex = 0; path = WeatherTests.xctest; sourceTree = BUILT_PRODUCTS_DIR; };
		8400910024AF5BA500D206A1 /* WeatherTests.swift */ = {isa = PBXFileReference; lastKnownFileType = sourcecode.swift; path = WeatherTests.swift; sourceTree = "<group>"; };
		8400910224AF5BA500D206A1 /* Info.plist */ = {isa = PBXFileReference; lastKnownFileType = text.plist.xml; path = Info.plist; sourceTree = "<group>"; };
		8400910B24AF5BBF00D206A1 /* Weather.entitlements */ = {isa = PBXFileReference; lastKnownFileType = text.plist.entitlements; path = Weather.entitlements; sourceTree = "<group>"; };
		8400910F24AF5E4800D206A1 /* core */ = {isa = PBXFileReference; lastKnownFileType = folder; name = core; path = ../core; sourceTree = "<group>"; };
/* End PBXFileReference section */

/* Begin PBXFrameworksBuildPhase section */
		840090E324AF5BA200D206A1 /* Frameworks */ = {
			isa = PBXFrameworksBuildPhase;
			buildActionMask = 2147483647;
			files = (
				8400911224AF5FF600D206A1 /* WeatherCore in Frameworks */,
			);
			runOnlyForDeploymentPostprocessing = 0;
		};
		840090F924AF5BA500D206A1 /* Frameworks */ = {
			isa = PBXFrameworksBuildPhase;
			buildActionMask = 2147483647;
			files = (
			);
			runOnlyForDeploymentPostprocessing = 0;
		};
/* End PBXFrameworksBuildPhase section */

/* Begin PBXGroup section */
		840090DD24AF5BA200D206A1 = {
			isa = PBXGroup;
			children = (
				8400910F24AF5E4800D206A1 /* core */,
				840090E824AF5BA200D206A1 /* Weather */,
				840090FF24AF5BA500D206A1 /* WeatherTests */,
				840090E724AF5BA200D206A1 /* Products */,
				8400911024AF5FF600D206A1 /* Frameworks */,
			);
			sourceTree = "<group>";
		};
		840090E724AF5BA200D206A1 /* Products */ = {
			isa = PBXGroup;
			children = (
				840090E624AF5BA200D206A1 /* Weather.app */,
				840090FC24AF5BA500D206A1 /* WeatherTests.xctest */,
			);
			name = Products;
			sourceTree = "<group>";
		};
		840090E824AF5BA200D206A1 /* Weather */ = {
			isa = PBXGroup;
			children = (
				8400910B24AF5BBF00D206A1 /* Weather.entitlements */,
				840090E924AF5BA200D206A1 /* AppDelegate.swift */,
				840090EB24AF5BA200D206A1 /* SceneDelegate.swift */,
				840090ED24AF5BA200D206A1 /* ContentView.swift */,
				840090EF24AF5BA500D206A1 /* Assets.xcassets */,
				840090F424AF5BA500D206A1 /* LaunchScreen.storyboard */,
				840090F724AF5BA500D206A1 /* Info.plist */,
				840090F124AF5BA500D206A1 /* Preview Content */,
			);
			path = Weather;
			sourceTree = "<group>";
		};
		840090F124AF5BA500D206A1 /* Preview Content */ = {
			isa = PBXGroup;
			children = (
				840090F224AF5BA500D206A1 /* Preview Assets.xcassets */,
			);
			path = "Preview Content";
			sourceTree = "<group>";
		};
		840090FF24AF5BA500D206A1 /* WeatherTests */ = {
			isa = PBXGroup;
			children = (
				8400910024AF5BA500D206A1 /* WeatherTests.swift */,
				8400910224AF5BA500D206A1 /* Info.plist */,
			);
			path = WeatherTests;
			sourceTree = "<group>";
		};
		8400911024AF5FF600D206A1 /* Frameworks */ = {
			isa = PBXGroup;
			children = (
			);
			name = Frameworks;
			sourceTree = "<group>";
		};
/* End PBXGroup section */

/* Begin PBXNativeTarget section */
		840090E524AF5BA200D206A1 /* Weather */ = {
			isa = PBXNativeTarget;
			buildConfigurationList = 8400910524AF5BA500D206A1 /* Build configuration list for PBXNativeTarget "Weather" */;
			buildPhases = (
				840090E224AF5BA200D206A1 /* Sources */,
				840090E324AF5BA200D206A1 /* Frameworks */,
				840090E424AF5BA200D206A1 /* Resources */,
			);
			buildRules = (
			);
			dependencies = (
				8400910E24AF5DE500D206A1 /* PBXTargetDependency */,
			);
			name = Weather;
			packageProductDependencies = (
				8400911124AF5FF600D206A1 /* WeatherCore */,
			);
			productName = Weather;
			productReference = 840090E624AF5BA200D206A1 /* Weather.app */;
			productType = "com.apple.product-type.application";
		};
		840090FB24AF5BA500D206A1 /* WeatherTests */ = {
			isa = PBXNativeTarget;
			buildConfigurationList = 8400910824AF5BA500D206A1 /* Build configuration list for PBXNativeTarget "WeatherTests" */;
			buildPhases = (
				840090F824AF5BA500D206A1 /* Sources */,
				840090F924AF5BA500D206A1 /* Frameworks */,
				840090FA24AF5BA500D206A1 /* Resources */,
			);
			buildRules = (
			);
			dependencies = (
				840090FE24AF5BA500D206A1 /* PBXTargetDependency */,
			);
			name = WeatherTests;
			productName = WeatherTests;
			productReference = 840090FC24AF5BA500D206A1 /* WeatherTests.xctest */;
			productType = "com.apple.product-type.bundle.unit-test";
		};
/* End PBXNativeTarget section */

/* Begin PBXProject section */
		840090DE24AF5BA200D206A1 /* Project object */ = {
			isa = PBXProject;
			attributes = {
				LastSwiftUpdateCheck = 1150;
				LastUpgradeCheck = 1150;
				ORGANIZATIONNAME = Readdle;
				TargetAttributes = {
					840090E524AF5BA200D206A1 = {
						CreatedOnToolsVersion = 11.5;
					};
					840090FB24AF5BA500D206A1 = {
						CreatedOnToolsVersion = 11.5;
						TestTargetID = 840090E524AF5BA200D206A1;
					};
				};
			};
			buildConfigurationList = 840090E124AF5BA200D206A1 /* Build configuration list for PBXProject "Weather" */;
			compatibilityVersion = "Xcode 9.3";
			developmentRegion = en;
			hasScannedForEncodings = 0;
			knownRegions = (
				en,
				Base,
			);
			mainGroup = 840090DD24AF5BA200D206A1;
			productRefGroup = 840090E724AF5BA200D206A1 /* Products */;
			projectDirPath = "";
			projectRoot = "";
			targets = (
				840090E524AF5BA200D206A1 /* Weather */,
				840090FB24AF5BA500D206A1 /* WeatherTests */,
			);
		};
/* End PBXProject section */

/* Begin PBXResourcesBuildPhase section */
		840090E424AF5BA200D206A1 /* Resources */ = {
			isa = PBXResourcesBuildPhase;
			buildActionMask = 2147483647;
			files = (
				840090F624AF5BA500D206A1 /* LaunchScreen.storyboard in Resources */,
				840090F324AF5BA500D206A1 /* Preview Assets.xcassets in Resources */,
				840090F024AF5BA500D206A1 /* Assets.xcassets in Resources */,
			);
			runOnlyForDeploymentPostprocessing = 0;
		};
		840090FA24AF5BA500D206A1 /* Resources */ = {
			isa = PBXResourcesBuildPhase;
			buildActionMask = 2147483647;
			files = (
			);
			runOnlyForDeploymentPostprocessing = 0;
		};
/* End PBXResourcesBuildPhase section */

/* Begin PBXSourcesBuildPhase section */
		840090E224AF5BA200D206A1 /* Sources */ = {
			isa = PBXSourcesBuildPhase;
			buildActionMask = 2147483647;
			files = (
				840090EA24AF5BA200D206A1 /* AppDelegate.swift in Sources */,
				840090EC24AF5BA200D206A1 /* SceneDelegate.swift in Sources */,
				840090EE24AF5BA200D206A1 /* ContentView.swift in Sources */,
			);
			runOnlyForDeploymentPostprocessing = 0;
		};
		840090F824AF5BA500D206A1 /* Sources */ = {
			isa = PBXSourcesBuildPhase;
			buildActionMask = 2147483647;
			files = (
				8400910124AF5BA500D206A1 /* WeatherTests.swift in Sources */,
			);
			runOnlyForDeploymentPostprocessing = 0;
		};
/* End PBXSourcesBuildPhase section */

/* Begin PBXTargetDependency section */
		840090FE24AF5BA500D206A1 /* PBXTargetDependency */ = {
			isa = PBXTargetDependency;
			target = 840090E524AF5BA200D206A1 /* Weather */;
			targetProxy = 840090FD24AF5BA500D206A1 /* PBXContainerItemProxy */;
		};
		8400910E24AF5DE500D206A1 /* PBXTargetDependency */ = {
			isa = PBXTargetDependency;
			productRef = 8400910D24AF5DE500D206A1 /* WeatherCore */;
		};
/* End PBXTargetDependency section */

/* Begin PBXVariantGroup section */
		840090F424AF5BA500D206A1 /* LaunchScreen.storyboard */ = {
			isa = PBXVariantGroup;
			children = (
				840090F524AF5BA500D206A1 /* Base */,
			);
			name = LaunchScreen.storyboard;
			sourceTree = "<group>";
		};
/* End PBXVariantGroup section */

/* Begin XCBuildConfiguration section */
		8400910324AF5BA500D206A1 /* Debug */ = {
			isa = XCBuildConfiguration;
			buildSettings = {
				ALWAYS_SEARCH_USER_PATHS = NO;
				CLANG_ANALYZER_NONNULL = YES;
				CLANG_ANALYZER_NUMBER_OBJECT_CONVERSION = YES_AGGRESSIVE;
				CLANG_CXX_LANGUAGE_STANDARD = "gnu++14";
				CLANG_CXX_LIBRARY = "libc++";
				CLANG_ENABLE_MODULES = YES;
				CLANG_ENABLE_OBJC_ARC = YES;
				CLANG_ENABLE_OBJC_WEAK = YES;
				CLANG_WARN_BLOCK_CAPTURE_AUTORELEASING = YES;
				CLANG_WARN_BOOL_CONVERSION = YES;
				CLANG_WARN_COMMA = YES;
				CLANG_WARN_CONSTANT_CONVERSION = YES;
				CLANG_WARN_DEPRECATED_OBJC_IMPLEMENTATIONS = YES;
				CLANG_WARN_DIRECT_OBJC_ISA_USAGE = YES_ERROR;
				CLANG_WARN_DOCUMENTATION_COMMENTS = YES;
				CLANG_WARN_EMPTY_BODY = YES;
				CLANG_WARN_ENUM_CONVERSION = YES;
				CLANG_WARN_INFINITE_RECURSION = YES;
				CLANG_WARN_INT_CONVERSION = YES;
				CLANG_WARN_NON_LITERAL_NULL_CONVERSION = YES;
				CLANG_WARN_OBJC_IMPLICIT_RETAIN_SELF = YES;
				CLANG_WARN_OBJC_LITERAL_CONVERSION = YES;
				CLANG_WARN_OBJC_ROOT_CLASS = YES_ERROR;
				CLANG_WARN_RANGE_LOOP_ANALYSIS = YES;
				CLANG_WARN_STRICT_PROTOTYPES = YES;
				CLANG_WARN_SUSPICIOUS_MOVE = YES;
				CLANG_WARN_UNGUARDED_AVAILABILITY = YES_AGGRESSIVE;
				CLANG_WARN_UNREACHABLE_CODE = YES;
				CLANG_WARN__DUPLICATE_METHOD_MATCH = YES;
				COPY_PHASE_STRIP = NO;
				DEBUG_INFORMATION_FORMAT = dwarf;
				ENABLE_STRICT_OBJC_MSGSEND = YES;
				ENABLE_TESTABILITY = YES;
				GCC_C_LANGUAGE_STANDARD = gnu11;
				GCC_DYNAMIC_NO_PIC = NO;
				GCC_NO_COMMON_BLOCKS = YES;
				GCC_OPTIMIZATION_LEVEL = 0;
				GCC_PREPROCESSOR_DEFINITIONS = (
					"DEBUG=1",
					"$(inherited)",
				);
				GCC_WARN_64_TO_32_BIT_CONVERSION = YES;
				GCC_WARN_ABOUT_RETURN_TYPE = YES_ERROR;
				GCC_WARN_UNDECLARED_SELECTOR = YES;
				GCC_WARN_UNINITIALIZED_AUTOS = YES_AGGRESSIVE;
				GCC_WARN_UNUSED_FUNCTION = YES;
				GCC_WARN_UNUSED_VARIABLE = YES;
				IPHONEOS_DEPLOYMENT_TARGET = 13.5;
				MTL_ENABLE_DEBUG_INFO = INCLUDE_SOURCE;
				MTL_FAST_MATH = YES;
				ONLY_ACTIVE_ARCH = YES;
				SDKROOT = iphoneos;
				SWIFT_ACTIVE_COMPILATION_CONDITIONS = DEBUG;
				SWIFT_OPTIMIZATION_LEVEL = "-Onone";
			};
			name = Debug;
		};
		8400910424AF5BA500D206A1 /* Release */ = {
			isa = XCBuildConfiguration;
			buildSettings = {
				ALWAYS_SEARCH_USER_PATHS = NO;
				CLANG_ANALYZER_NONNULL = YES;
				CLANG_ANALYZER_NUMBER_OBJECT_CONVERSION = YES_AGGRESSIVE;
				CLANG_CXX_LANGUAGE_STANDARD = "gnu++14";
				CLANG_CXX_LIBRARY = "libc++";
				CLANG_ENABLE_MODULES = YES;
				CLANG_ENABLE_OBJC_ARC = YES;
				CLANG_ENABLE_OBJC_WEAK = YES;
				CLANG_WARN_BLOCK_CAPTURE_AUTORELEASING = YES;
				CLANG_WARN_BOOL_CONVERSION = YES;
				CLANG_WARN_COMMA = YES;
				CLANG_WARN_CONSTANT_CONVERSION = YES;
				CLANG_WARN_DEPRECATED_OBJC_IMPLEMENTATIONS = YES;
				CLANG_WARN_DIRECT_OBJC_ISA_USAGE = YES_ERROR;
				CLANG_WARN_DOCUMENTATION_COMMENTS = YES;
				CLANG_WARN_EMPTY_BODY = YES;
				CLANG_WARN_ENUM_CONVERSION = YES;
				CLANG_WARN_INFINITE_RECURSION = YES;
				CLANG_WARN_INT_CONVERSION = YES;
				CLANG_WARN_NON_LITERAL_NULL_CONVERSION = YES;
				CLANG_WARN_OBJC_IMPLICIT_RETAIN_SELF = YES;
				CLANG_WARN_OBJC_LITERAL_CONVERSION = YES;
				CLANG_WARN_OBJC_ROOT_CLASS = YES_ERROR;
				CLANG_WARN_RANGE_LOOP_ANALYSIS = YES;
				CLANG_WARN_STRICT_PROTOTYPES = YES;
				CLANG_WARN_SUSPICIOUS_MOVE = YES;
				CLANG_WARN_UNGUARDED_AVAILABILITY = YES_AGGRESSIVE;
				CLANG_WARN_UNREACHABLE_CODE = YES;
				CLANG_WARN__DUPLICATE_METHOD_MATCH = YES;
				COPY_PHASE_STRIP = NO;
				DEBUG_INFORMATION_FORMAT = "dwarf-with-dsym";
				ENABLE_NS_ASSERTIONS = NO;
				ENABLE_STRICT_OBJC_MSGSEND = YES;
				GCC_C_LANGUAGE_STANDARD = gnu11;
				GCC_NO_COMMON_BLOCKS = YES;
				GCC_WARN_64_TO_32_BIT_CONVERSION = YES;
				GCC_WARN_ABOUT_RETURN_TYPE = YES_ERROR;
				GCC_WARN_UNDECLARED_SELECTOR = YES;
				GCC_WARN_UNINITIALIZED_AUTOS = YES_AGGRESSIVE;
				GCC_WARN_UNUSED_FUNCTION = YES;
				GCC_WARN_UNUSED_VARIABLE = YES;
				IPHONEOS_DEPLOYMENT_TARGET = 13.5;
				MTL_ENABLE_DEBUG_INFO = NO;
				MTL_FAST_MATH = YES;
				SDKROOT = iphoneos;
				SWIFT_COMPILATION_MODE = wholemodule;
				SWIFT_OPTIMIZATION_LEVEL = "-O";
				VALIDATE_PRODUCT = YES;
			};
			name = Release;
		};
		8400910624AF5BA500D206A1 /* Debug */ = {
			isa = XCBuildConfiguration;
			buildSettings = {
				ASSETCATALOG_COMPILER_APPICON_NAME = AppIcon;
				CODE_SIGN_ENTITLEMENTS = Weather/Weather.entitlements;
				CODE_SIGN_IDENTITY = "Apple Development";
				"CODE_SIGN_IDENTITY[sdk=macosx*]" = "-";
				CODE_SIGN_STYLE = Automatic;
				DEVELOPMENT_ASSET_PATHS = "\"Weather/Preview Content\"";
				DEVELOPMENT_TEAM = "";
				ENABLE_PREVIEWS = YES;
				INFOPLIST_FILE = Weather/Info.plist;
				LD_RUNPATH_SEARCH_PATHS = (
					"$(inherited)",
					"@executable_path/Frameworks",
				);
				PRODUCT_BUNDLE_IDENTIFIER = readdle.Weather;
				PRODUCT_NAME = "$(TARGET_NAME)";
				PROVISIONING_PROFILE_SPECIFIER = "";
				"PROVISIONING_PROFILE_SPECIFIER[sdk=macosx*]" = "";
				SUPPORTS_MACCATALYST = YES;
				SWIFT_VERSION = 5.0;
				TARGETED_DEVICE_FAMILY = "1,2";
			};
			name = Debug;
		};
		8400910724AF5BA500D206A1 /* Release */ = {
			isa = XCBuildConfiguration;
			buildSettings = {
				ASSETCATALOG_COMPILER_APPICON_NAME = AppIcon;
				CODE_SIGN_ENTITLEMENTS = Weather/Weather.entitlements;
				CODE_SIGN_IDENTITY = "Apple Development";
				"CODE_SIGN_IDENTITY[sdk=macosx*]" = "-";
				CODE_SIGN_STYLE = Automatic;
				DEVELOPMENT_ASSET_PATHS = "\"Weather/Preview Content\"";
				DEVELOPMENT_TEAM = "";
				ENABLE_PREVIEWS = YES;
				INFOPLIST_FILE = Weather/Info.plist;
				LD_RUNPATH_SEARCH_PATHS = (
					"$(inherited)",
					"@executable_path/Frameworks",
				);
				PRODUCT_BUNDLE_IDENTIFIER = readdle.Weather;
				PRODUCT_NAME = "$(TARGET_NAME)";
				PROVISIONING_PROFILE_SPECIFIER = "";
				"PROVISIONING_PROFILE_SPECIFIER[sdk=macosx*]" = "";
				SUPPORTS_MACCATALYST = YES;
				SWIFT_VERSION = 5.0;
				TARGETED_DEVICE_FAMILY = "1,2";
			};
			name = Release;
		};
		8400910924AF5BA500D206A1 /* Debug */ = {
			isa = XCBuildConfiguration;
			buildSettings = {
				ALWAYS_EMBED_SWIFT_STANDARD_LIBRARIES = YES;
				BUNDLE_LOADER = "$(TEST_HOST)";
				CODE_SIGN_STYLE = Automatic;
				INFOPLIST_FILE = WeatherTests/Info.plist;
				IPHONEOS_DEPLOYMENT_TARGET = 13.5;
				LD_RUNPATH_SEARCH_PATHS = (
					"$(inherited)",
					"@executable_path/Frameworks",
					"@loader_path/Frameworks",
				);
				PRODUCT_BUNDLE_IDENTIFIER = readdle.WeatherTests;
				PRODUCT_NAME = "$(TARGET_NAME)";
				SWIFT_VERSION = 5.0;
				TARGETED_DEVICE_FAMILY = "1,2";
				TEST_HOST = "$(BUILT_PRODUCTS_DIR)/Weather.app/Weather";
			};
			name = Debug;
		};
		8400910A24AF5BA500D206A1 /* Release */ = {
			isa = XCBuildConfiguration;
			buildSettings = {
				ALWAYS_EMBED_SWIFT_STANDARD_LIBRARIES = YES;
				BUNDLE_LOADER = "$(TEST_HOST)";
				CODE_SIGN_STYLE = Automatic;
				INFOPLIST_FILE = WeatherTests/Info.plist;
				IPHONEOS_DEPLOYMENT_TARGET = 13.5;
				LD_RUNPATH_SEARCH_PATHS = (
					"$(inherited)",
					"@executable_path/Frameworks",
					"@loader_path/Frameworks",
				);
				PRODUCT_BUNDLE_IDENTIFIER = readdle.WeatherTests;
				PRODUCT_NAME = "$(TARGET_NAME)";
				SWIFT_VERSION = 5.0;
				TARGETED_DEVICE_FAMILY = "1,2";
				TEST_HOST = "$(BUILT_PRODUCTS_DIR)/Weather.app/Weather";
			};
			name = Release;
		};
/* End XCBuildConfiguration section */

/* Begin XCConfigurationList section */
		840090E124AF5BA200D206A1 /* Build configuration list for PBXProject "Weather" */ = {
			isa = XCConfigurationList;
			buildConfigurations = (
				8400910324AF5BA500D206A1 /* Debug */,
				8400910424AF5BA500D206A1 /* Release */,
			);
			defaultConfigurationIsVisible = 0;
			defaultConfigurationName = Release;
		};
		8400910524AF5BA500D206A1 /* Build configuration list for PBXNativeTarget "Weather" */ = {
			isa = XCConfigurationList;
			buildConfigurations = (
				8400910624AF5BA500D206A1 /* Debug */,
				8400910724AF5BA500D206A1 /* Release */,
			);
			defaultConfigurationIsVisible = 0;
			defaultConfigurationName = Release;
		};
		8400910824AF5BA500D206A1 /* Build configuration list for PBXNativeTarget "WeatherTests" */ = {
			isa = XCConfigurationList;
			buildConfigurations = (
				8400910924AF5BA500D206A1 /* Debug */,
				8400910A24AF5BA500D206A1 /* Release */,
			);
			defaultConfigurationIsVisible = 0;
			defaultConfigurationName = Release;
		};
/* End XCConfigurationList section */

/* Begin XCSwiftPackageProductDependency section */
		8400910D24AF5DE500D206A1 /* WeatherCore */ = {
			isa = XCSwiftPackageProductDependency;
			productName = WeatherCore;
		};
		8400911124AF5FF600D206A1 /* WeatherCore */ = {
			isa = XCSwiftPackageProductDependency;
			productName = WeatherCore;
		};
/* End XCSwiftPackageProductDependency section */
	};
	rootObject = 840090DE24AF5BA200D206A1 /* Project object */;
}
